
Microsoft Visual Studio Solution File, Format Version 12.00
# Visual Studio Version 17
VisualStudioVersion = 17.6.33829.357
MinimumVisualStudioVersion = 10.0.40219.1
Project("{FAE04EC0-301F-11D3-BF4B-00C04F79EFBC}") = "sel_ado_demo", "sel_ado_demo\sel_ado_demo.csproj", "{6189B47C-380A-4659-863D-E8442EF26667}"
EndProject
Global
	GlobalSection(SolutionConfigurationPlatforms) = preSolution
		Debug|Any CPU = Debug|Any CPU
		Release|Any CPU = Release|Any CPU
	EndGlobalSection
	GlobalSection(ProjectConfigurationPlatforms) = postSolution
		{6189B47C-380A-4659-863D-E8442EF26667}.Debug|Any CPU.ActiveCfg = Debug|Any CPU
		{6189B47C-380A-4659-863D-E8442EF26667}.Debug|Any CPU.Build.0 = Debug|Any CPU
		{6189B47C-380A-4659-863D-E8442EF26667}.Release|Any CPU.ActiveCfg = Release|Any CPU
		{6189B47C-380A-4659-863D-E8442EF26667}.Release|Any CPU.Build.0 = Release|Any CPU
	EndGlobalSection
	GlobalSection(SolutionProperties) = preSolution
		HideSolutionNode = FALSE
	EndGlobalSection
	GlobalSection(ExtensibilityGlobals) = postSolution
		SolutionGuid = {B33F31AB-7035-4C48-AAEC-21655A40278C}
	EndGlobalSection
EndGlobal
